
Microsoft Visual Studio Solution File, Format Version 11.00
# Visual Studio 2010
Project("{FAE04EC0-301F-11D3-BF4B-00C04F79EFBC}") = "MTREG", "MTREG\MTREG.csproj", "{80A8C6CF-723E-48E1-80E3-408E58C6127F}"
EndProject
Global
	GlobalSection(SolutionConfigurationPlatforms) = preSolution
		Debug|Any CPU = Debug|Any CPU
		Debug|x86 = Debug|x86
		Release|Any CPU = Release|Any CPU
		Release|x86 = Release|x86
	EndGlobalSection
	GlobalSection(ProjectConfigurationPlatforms) = postSolution
		{80A8C6CF-723E-48E1-80E3-408E58C6127F}.Debug|Any CPU.ActiveCfg = Debug|Any CPU
		{80A8C6CF-723E-48E1-80E3-408E58C6127F}.Debug|Any CPU.Build.0 = Debug|Any CPU
		{80A8C6CF-723E-48E1-80E3-408E58C6127F}.Debug|x86.ActiveCfg = Debug|Any CPU
		{80A8C6CF-723E-48E1-80E3-408E58C6127F}.Debug|x86.Build.0 = Debug|Any CPU
		{80A8C6CF-723E-48E1-80E3-408E58C6127F}.Release|Any CPU.ActiveCfg = Release|Any CPU
		{80A8C6CF-723E-48E1-80E3-408E58C6127F}.Release|Any CPU.Build.0 = Release|Any CPU
		{80A8C6CF-723E-48E1-80E3-408E58C6127F}.Release|x86.ActiveCfg = Release|x86
		{80A8C6CF-723E-48E1-80E3-408E58C6127F}.Release|x86.Build.0 = Release|x86
	EndGlobalSection
	GlobalSection(SolutionProperties) = preSolution
		HideSolutionNode = FALSE
	EndGlobalSection
	GlobalSection(SubversionScc) = preSolution
		Svn-Managed = True
		Manager = AnkhSVN - Subversion Support for Visual Studio
	EndGlobalSection
EndGlobal
